// !$*UTF8*$!
{
	archiveVersion = 1;
	classes = {
	};
	objectVersion = 46;
	objects = {

/* Begin PBXBuildFile section */
		806AE68C1A0AE929007C269A /* main.m in Sources */ = {isa = PBXBuildFile; fileRef = 806AE68B1A0AE929007C269A /* main.m */; };
		806AE68F1A0AE92A007C269A /* AppDelegate.m in Sources */ = {isa = PBXBuildFile; fileRef = 806AE68E1A0AE92A007C269A /* AppDelegate.m */; };
		806AE6921A0AE92A007C269A /* ViewController.m in Sources */ = {isa = PBXBuildFile; fileRef = 806AE6911A0AE92A007C269A /* ViewController.m */; };
		806AE6951A0AE92A007C269A /* Main.storyboard in Resources */ = {isa = PBXBuildFile; fileRef = 806AE6931A0AE92A007C269A /* Main.storyboard */; };
		806AE6971A0AE92A007C269A /* Images.xcassets in Resources */ = {isa = PBXBuildFile; fileRef = 806AE6961A0AE92A007C269A /* Images.xcassets */; };
		806AE69A1A0AE92A007C269A /* LaunchScreen.xib in Resources */ = {isa = PBXBuildFile; fileRef = 806AE6981A0AE92A007C269A /* LaunchScreen.xib */; };
		806AE6A61A0AE92A007C269A /* Flavour_v0_6Tests.m in Sources */ = {isa = PBXBuildFile; fileRef = 806AE6A51A0AE92A007C269A /* Flavour_v0_6Tests.m */; };
/* End PBXBuildFile section */

/* Begin PBXContainerItemProxy section */
		806AE6A01A0AE92A007C269A /* PBXContainerItemProxy */ = {
			isa = PBXContainerItemProxy;
			containerPortal = 806AE67E1A0AE929007C269A /* Project object */;
			proxyType = 1;
			remoteGlobalIDString = 806AE6851A0AE929007C269A;
			remoteInfo = "Flavour v0.6";
		};
/* End PBXContainerItemProxy section */

/* Begin PBXFileReference section */
		806AE6861A0AE929007C269A /* Flavour v0.6.app */ = {isa = PBXFileReference; explicitFileType = wrapper.application; includeInIndex = 0; path = "Flavour v0.6.app"; sourceTree = BUILT_PRODUCTS_DIR; };
		806AE68A1A0AE929007C269A /* Info.plist */ = {isa = PBXFileReference; lastKnownFileType = text.plist.xml; path = Info.plist; sourceTree = "<group>"; };
		806AE68B1A0AE929007C269A /* main.m */ = {isa = PBXFileReference; lastKnownFileType = sourcecode.c.objc; path = main.m; sourceTree = "<group>"; };
		806AE68D1A0AE92A007C269A /* AppDelegate.h */ = {isa = PBXFileReference; lastKnownFileType = sourcecode.c.h; path = AppDelegate.h; sourceTree = "<group>"; };
		806AE68E1A0AE92A007C269A /* AppDelegate.m */ = {isa = PBXFileReference; lastKnownFileType = sourcecode.c.objc; path = AppDelegate.m; sourceTree = "<group>"; };
		806AE6901A0AE92A007C269A /* ViewController.h */ = {isa = PBXFileReference; lastKnownFileType = sourcecode.c.h; path = ViewController.h; sourceTree = "<group>"; };
		806AE6911A0AE92A007C269A /* ViewController.m */ = {isa = PBXFileReference; lastKnownFileType = sourcecode.c.objc; path = ViewController.m; sourceTree = "<group>"; };
		806AE6941A0AE92A007C269A /* Base */ = {isa = PBXFileReference; lastKnownFileType = file.storyboard; name = Base; path = Base.lproj/Main.storyboard; sourceTree = "<group>"; };
		806AE6961A0AE92A007C269A /* Images.xcassets */ = {isa = PBXFileReference; lastKnownFileType = folder.assetcatalog; path = Images.xcassets; sourceTree = "<group>"; };
		806AE6991A0AE92A007C269A /* Base */ = {isa = PBXFileReference; lastKnownFileType = file.xib; name = Base; path = Base.lproj/LaunchScreen.xib; sourceTree = "<group>"; };
		806AE69F1A0AE92A007C269A /* Flavour v0.6Tests.xctest */ = {isa = PBXFileReference; explicitFileType = wrapper.cfbundle; includeInIndex = 0; path = "Flavour v0.6Tests.xctest"; sourceTree = BUILT_PRODUCTS_DIR; };
		806AE6A41A0AE92A007C269A /* Info.plist */ = {isa = PBXFileReference; lastKnownFileType = text.plist.xml; path = Info.plist; sourceTree = "<group>"; };
		806AE6A51A0AE92A007C269A /* Flavour_v0_6Tests.m */ = {isa = PBXFileReference; lastKnownFileType = sourcecode.c.objc; path = Flavour_v0_6Tests.m; sourceTree = "<group>"; };
/* End PBXFileReference section */

/* Begin PBXFrameworksBuildPhase section */
		806AE6831A0AE929007C269A /* Frameworks */ = {
			isa = PBXFrameworksBuildPhase;
			buildActionMask = 2147483647;
			files = (
			);
			runOnlyForDeploymentPostprocessing = 0;
		};
		806AE69C1A0AE92A007C269A /* Frameworks */ = {
			isa = PBXFrameworksBuildPhase;
			buildActionMask = 2147483647;
			files = (
			);
			runOnlyForDeploymentPostprocessing = 0;
		};
/* End PBXFrameworksBuildPhase section */

/* Begin PBXGroup section */
		806AE67D1A0AE929007C269A = {
			isa = PBXGroup;
			children = (
				806AE6881A0AE929007C269A /* Flavour v0.6 */,
				806AE6A21A0AE92A007C269A /* Flavour v0.6Tests */,
				806AE6871A0AE929007C269A /* Products */,
			);
			sourceTree = "<group>";
		};
		806AE6871A0AE929007C269A /* Products */ = {
			isa = PBXGroup;
			children = (
				806AE6861A0AE929007C269A /* Flavour v0.6.app */,
				806AE69F1A0AE92A007C269A /* Flavour v0.6Tests.xctest */,
			);
			name = Products;
			sourceTree = "<group>";
		};
		806AE6881A0AE929007C269A /* Flavour v0.6 */ = {
			isa = PBXGroup;
			children = (
				806AE68D1A0AE92A007C269A /* AppDelegate.h */,
				806AE68E1A0AE92A007C269A /* AppDelegate.m */,
				806AE6901A0AE92A007C269A /* ViewController.h */,
				806AE6911A0AE92A007C269A /* ViewController.m */,
				806AE6931A0AE92A007C269A /* Main.storyboard */,
				806AE6961A0AE92A007C269A /* Images.xcassets */,
				806AE6981A0AE92A007C269A /* LaunchScreen.xib */,
				806AE6891A0AE929007C269A /* Supporting Files */,
			);
			path = "Flavour v0.6";
			sourceTree = "<group>";
		};
		806AE6891A0AE929007C269A /* Supporting Files */ = {
			isa = PBXGroup;
			children = (
				806AE68A1A0AE929007C269A /* Info.plist */,
				806AE68B1A0AE929007C269A /* main.m */,
			);
			name = "Supporting Files";
			sourceTree = "<group>";
		};
		806AE6A21A0AE92A007C269A /* Flavour v0.6Tests */ = {
			isa = PBXGroup;
			children = (
				806AE6A51A0AE92A007C269A /* Flavour_v0_6Tests.m */,
				806AE6A31A0AE92A007C269A /* Supporting Files */,
			);
			path = "Flavour v0.6Tests";
			sourceTree = "<group>";
		};
		806AE6A31A0AE92A007C269A /* Supporting Files */ = {
			isa = PBXGroup;
			children = (
				806AE6A41A0AE92A007C269A /* Info.plist */,
			);
			name = "Supporting Files";
			sourceTree = "<group>";
		};
/* End PBXGroup section */

/* Begin PBXNativeTarget section */
		806AE6851A0AE929007C269A /* Flavour v0.6 */ = {
			isa = PBXNativeTarget;
			buildConfigurationList = 806AE6A91A0AE92A007C269A /* Build configuration list for PBXNativeTarget "Flavour v0.6" */;
			buildPhases = (
				806AE6821A0AE929007C269A /* Sources */,
				806AE6831A0AE929007C269A /* Frameworks */,
				806AE6841A0AE929007C269A /* Resources */,
			);
			buildRules = (
			);
			dependencies = (
			);
			name = "Flavour v0.6";
			productName = "Flavour v0.6";
			productReference = 806AE6861A0AE929007C269A /* Flavour v0.6.app */;
			productType = "com.apple.product-type.application";
		};
		806AE69E1A0AE92A007C269A /* Flavour v0.6Tests */ = {
			isa = PBXNativeTarget;
			buildConfigurationList = 806AE6AC1A0AE92A007C269A /* Build configuration list for PBXNativeTarget "Flavour v0.6Tests" */;
			buildPhases = (
				806AE69B1A0AE92A007C269A /* Sources */,
				806AE69C1A0AE92A007C269A /* Frameworks */,
				806AE69D1A0AE92A007C269A /* Resources */,
			);
			buildRules = (
			);
			dependencies = (
				806AE6A11A0AE92A007C269A /* PBXTargetDependency */,
			);
			name = "Flavour v0.6Tests";
			productName = "Flavour v0.6Tests";
			productReference = 806AE69F1A0AE92A007C269A /* Flavour v0.6Tests.xctest */;
			productType = "com.apple.product-type.bundle.unit-test";
		};
/* End PBXNativeTarget section */

/* Begin PBXProject section */
		806AE67E1A0AE929007C269A /* Project object */ = {
			isa = PBXProject;
			attributes = {
				LastUpgradeCheck = 0610;
				ORGANIZATIONNAME = Schkolnik;
				TargetAttributes = {
					806AE6851A0AE929007C269A = {
						CreatedOnToolsVersion = 6.1;
					};
					806AE69E1A0AE92A007C269A = {
						CreatedOnToolsVersion = 6.1;
						TestTargetID = 806AE6851A0AE929007C269A;
					};
				};
			};
			buildConfigurationList = 806AE6811A0AE929007C269A /* Build configuration list for PBXProject "Flavour v0.6" */;
			compatibilityVersion = "Xcode 3.2";
			developmentRegion = English;
			hasScannedForEncodings = 0;
			knownRegions = (
				en,
				Base,
			);
			mainGroup = 806AE67D1A0AE929007C269A;
			productRefGroup = 806AE6871A0AE929007C269A /* Products */;
			projectDirPath = "";
			projectRoot = "";
			targets = (
				806AE6851A0AE929007C269A /* Flavour v0.6 */,
				806AE69E1A0AE92A007C269A /* Flavour v0.6Tests */,
			);
		};
/* End PBXProject section */

/* Begin PBXResourcesBuildPhase section */
		806AE6841A0AE929007C269A /* Resources */ = {
			isa = PBXResourcesBuildPhase;
			buildActionMask = 2147483647;
			files = (
				806AE6951A0AE92A007C269A /* Main.storyboard in Resources */,
				806AE69A1A0AE92A007C269A /* LaunchScreen.xib in Resources */,
				806AE6971A0AE92A007C269A /* Images.xcassets in Resources */,
			);
			runOnlyForDeploymentPostprocessing = 0;
		};
		806AE69D1A0AE92A007C269A /* Resources */ = {
			isa = PBXResourcesBuildPhase;
			buildActionMask = 2147483647;
			files = (
			);
			runOnlyForDeploymentPostprocessing = 0;
		};
/* End PBXResourcesBuildPhase section */

/* Begin PBXSourcesBuildPhase section */
		806AE6821A0AE929007C269A /* Sources */ = {
			isa = PBXSourcesBuildPhase;
			buildActionMask = 2147483647;
			files = (
				806AE6921A0AE92A007C269A /* ViewController.m in Sources */,
				806AE68F1A0AE92A007C269A /* AppDelegate.m in Sources */,
				806AE68C1A0AE929007C269A /* main.m in Sources */,
			);
			runOnlyForDeploymentPostprocessing = 0;
		};
		806AE69B1A0AE92A007C269A /* Sources */ = {
			isa = PBXSourcesBuildPhase;
			buildActionMask = 2147483647;
			files = (
				806AE6A61A0AE92A007C269A /* Flavour_v0_6Tests.m in Sources */,
			);
			runOnlyForDeploymentPostprocessing = 0;
		};
/* End PBXSourcesBuildPhase section */

/* Begin PBXTargetDependency section */
		806AE6A11A0AE92A007C269A /* PBXTargetDependency */ = {
			isa = PBXTargetDependency;
			target = 806AE6851A0AE929007C269A /* Flavour v0.6 */;
			targetProxy = 806AE6A01A0AE92A007C269A /* PBXContainerItemProxy */;
		};
/* End PBXTargetDependency section */

/* Begin PBXVariantGroup section */
		806AE6931A0AE92A007C269A /* Main.storyboard */ = {
			isa = PBXVariantGroup;
			children = (
				806AE6941A0AE92A007C269A /* Base */,
			);
			name = Main.storyboard;
			sourceTree = "<group>";
		};
		806AE6981A0AE92A007C269A /* LaunchScreen.xib */ = {
			isa = PBXVariantGroup;
			children = (
				806AE6991A0AE92A007C269A /* Base */,
			);
			name = LaunchScreen.xib;
			sourceTree = "<group>";
		};
/* End PBXVariantGroup section */

/* Begin XCBuildConfiguration section */
		806AE6A71A0AE92A007C269A /* Debug */ = {
			isa = XCBuildConfiguration;
			buildSettings = {
				ALWAYS_SEARCH_USER_PATHS = NO;
				CLANG_CXX_LANGUAGE_STANDARD = "gnu++0x";
				CLANG_CXX_LIBRARY = "libc++";
				CLANG_ENABLE_MODULES = YES;
				CLANG_ENABLE_OBJC_ARC = YES;
				CLANG_WARN_BOOL_CONVERSION = YES;
				CLANG_WARN_CONSTANT_CONVERSION = YES;
				CLANG_WARN_DIRECT_OBJC_ISA_USAGE = YES_ERROR;
				CLANG_WARN_EMPTY_BODY = YES;
				CLANG_WARN_ENUM_CONVERSION = YES;
				CLANG_WARN_INT_CONVERSION = YES;
				CLANG_WARN_OBJC_ROOT_CLASS = YES_ERROR;
				CLANG_WARN_UNREACHABLE_CODE = YES;
				CLANG_WARN__DUPLICATE_METHOD_MATCH = YES;
				"CODE_SIGN_IDENTITY[sdk=iphoneos*]" = "iPhone Developer";
				COPY_PHASE_STRIP = NO;
				ENABLE_STRICT_OBJC_MSGSEND = YES;
				GCC_C_LANGUAGE_STANDARD = gnu99;
				GCC_DYNAMIC_NO_PIC = NO;
				GCC_OPTIMIZATION_LEVEL = 0;
				GCC_PREPROCESSOR_DEFINITIONS = (
					"DEBUG=1",
					"$(inherited)",
				);
				GCC_SYMBOLS_PRIVATE_EXTERN = NO;
				GCC_WARN_64_TO_32_BIT_CONVERSION = YES;
				GCC_WARN_ABOUT_RETURN_TYPE = YES_ERROR;
				GCC_WARN_UNDECLARED_SELECTOR = YES;
				GCC_WARN_UNINITIALIZED_AUTOS = YES_AGGRESSIVE;
				GCC_WARN_UNUSED_FUNCTION = YES;
				GCC_WARN_UNUSED_VARIABLE = YES;
				IPHONEOS_DEPLOYMENT_TARGET = 8.1;
				MTL_ENABLE_DEBUG_INFO = YES;
				ONLY_ACTIVE_ARCH = YES;
				SDKROOT = iphoneos;
				TARGETED_DEVICE_FAMILY = "1,2";
			};
			name = Debug;
		};
		806AE6A81A0AE92A007C269A /* Release */ = {
			isa = XCBuildConfiguration;
			buildSettings = {
				ALWAYS_SEARCH_USER_PATHS = NO;
				CLANG_CXX_LANGUAGE_STANDARD = "gnu++0x";
				CLANG_CXX_LIBRARY = "libc++";
				CLANG_ENABLE_MODULES = YES;
				CLANG_ENABLE_OBJC_ARC = YES;
				CLANG_WARN_BOOL_CONVERSION = YES;
				CLANG_WARN_CONSTANT_CONVERSION = YES;
				CLANG_WARN_DIRECT_OBJC_ISA_USAGE = YES_ERROR;
				CLANG_WARN_EMPTY_BODY = YES;
				CLANG_WARN_ENUM_CONVERSION = YES;
				CLANG_WARN_INT_CONVERSION = YES;
				CLANG_WARN_OBJC_ROOT_CLASS = YES_ERROR;
				CLANG_WARN_UNREACHABLE_CODE = YES;
				CLANG_WARN__DUPLICATE_METHOD_MATCH = YES;
				"CODE_SIGN_IDENTITY[sdk=iphoneos*]" = "iPhone Developer";
				COPY_PHASE_STRIP = YES;
				ENABLE_NS_ASSERTIONS = NO;
				ENABLE_STRICT_OBJC_MSGSEND = YES;
				GCC_C_LANGUAGE_STANDARD = gnu99;
				GCC_WARN_64_TO_32_BIT_CONVERSION = YES;
				GCC_WARN_ABOUT_RETURN_TYPE = YES_ERROR;
				GCC_WARN_UNDECLARED_SELECTOR = YES;
				GCC_WARN_UNINITIALIZED_AUTOS = YES_AGGRESSIVE;
				GCC_WARN_UNUSED_FUNCTION = YES;
				GCC_WARN_UNUSED_VARIABLE = YES;
				IPHONEOS_DEPLOYMENT_TARGET = 8.1;
				MTL_ENABLE_DEBUG_INFO = NO;
				SDKROOT = iphoneos;
				TARGETED_DEVICE_FAMILY = "1,2";
				VALIDATE_PRODUCT = YES;
			};
			name = Release;
		};
		806AE6AA1A0AE92A007C269A /* Debug */ = {
			isa = XCBuildConfiguration;
			buildSettings = {
				ASSETCATALOG_COMPILER_APPICON_NAME = AppIcon;
				INFOPLIST_FILE = "Flavour v0.6/Info.plist";
				LD_RUNPATH_SEARCH_PATHS = "$(inherited) @executable_path/Frameworks";
				PRODUCT_NAME = "$(TARGET_NAME)";
			};
			name = Debug;
		};
		806AE6AB1A0AE92A007C269A /* Release */ = {
			isa = XCBuildConfiguration;
			buildSettings = {
				ASSETCATALOG_COMPILER_APPICON_NAME = AppIcon;
				INFOPLIST_FILE = "Flavour v0.6/Info.plist";
				LD_RUNPATH_SEARCH_PATHS = "$(inherited) @executable_path/Frameworks";
				PRODUCT_NAME = "$(TARGET_NAME)";
			};
			name = Release;
		};
		806AE6AD1A0AE92A007C269A /* Debug */ = {
			isa = XCBuildConfiguration;
			buildSettings = {
				BUNDLE_LOADER = "$(TEST_HOST)";
				FRAMEWORK_SEARCH_PATHS = (
					"$(SDKROOT)/Developer/Library/Frameworks",
					"$(inherited)",
				);
				GCC_PREPROCESSOR_DEFINITIONS = (
					"DEBUG=1",
					"$(inherited)",
				);
				INFOPLIST_FILE = "Flavour v0.6Tests/Info.plist";
				LD_RUNPATH_SEARCH_PATHS = "$(inherited) @executable_path/Frameworks @loader_path/Frameworks";
				PRODUCT_NAME = "$(TARGET_NAME)";
				TEST_HOST = "$(BUILT_PRODUCTS_DIR)/Flavour v0.6.app/Flavour v0.6";
			};
			name = Debug;
		};
		806AE6AE1A0AE92A007C269A /* Release */ = {
			isa = XCBuildConfiguration;
			buildSettings = {
				BUNDLE_LOADER = "$(TEST_HOST)";
				FRAMEWORK_SEARCH_PATHS = (
					"$(SDKROOT)/Developer/Library/Frameworks",
					"$(inherited)",
				);
				INFOPLIST_FILE = "Flavour v0.6Tests/Info.plist";
				LD_RUNPATH_SEARCH_PATHS = "$(inherited) @executable_path/Frameworks @loader_path/Frameworks";
				PRODUCT_NAME = "$(TARGET_NAME)";
				TEST_HOST = "$(BUILT_PRODUCTS_DIR)/Flavour v0.6.app/Flavour v0.6";
			};
			name = Release;
		};
/* End XCBuildConfiguration section */

/* Begin XCConfigurationList section */
		806AE6811A0AE929007C269A /* Build configuration list for PBXProject "Flavour v0.6" */ = {
			isa = XCConfigurationList;
			buildConfigurations = (
				806AE6A71A0AE92A007C269A /* Debug */,
				806AE6A81A0AE92A007C269A /* Release */,
			);
			defaultConfigurationIsVisible = 0;
			defaultConfigurationName = Release;
		};
		806AE6A91A0AE92A007C269A /* Build configuration list for PBXNativeTarget "Flavour v0.6" */ = {
			isa = XCConfigurationList;
			buildConfigurations = (
				806AE6AA1A0AE92A007C269A /* Debug */,
				806AE6AB1A0AE92A007C269A /* Release */,
			);
			defaultConfigurationIsVisible = 0;
		};
		806AE6AC1A0AE92A007C269A /* Build configuration list for PBXNativeTarget "Flavour v0.6Tests" */ = {
			isa = XCConfigurationList;
			buildConfigurations = (
				806AE6AD1A0AE92A007C269A /* Debug */,
				806AE6AE1A0AE92A007C269A /* Release */,
			);
			defaultConfigurationIsVisible = 0;
		};
/* End XCConfigurationList section */
	};
	rootObject = 806AE67E1A0AE929007C269A /* Project object */;
}
